github.com/OneOfOne/xxhash v1.2.2/go.mod h1:HSdplMjZKSmBqAxg5vPj2TmRDmfkzw+cTzAElWljhcU=
github.com/buraksezer/consistent v0.0.0-20191006190839-693edf70fd72 h1:fUmDBbSvv1uOzo/t8WaxZMVb7BxJ8JECo5lGoR9c5bA=
github.com/buraksezer/consistent v0.0.0-20191006190839-693edf70fd72/go.mod h1:OEE5igu/CDjGegM1Jn6ZMo7R6LlV/JChAkjfQQIRLpg=
github.com/cespare/xxhash v1.1.0 h1:a6HrQnmkObjyL+Gs60czilIUGqrzKutQD6XZog3p+ko=
github.com/cespare/xxhash v1.1.0/go.mod h1:XrSqR1VqqWfGrhpAt58auRo0WTKS1nRRg3ghfAqPWnc=
github.com/dgryski/go-rendezvous v0.0.0-20200823014737-9f7001d12a5f h1:lO4WD4F/rVNCu3HqELle0jiPLLBs70cWOduZpkS1E78=
github.com/dgryski/go-rendezvous v0.0.0-20200823014737-9f7001d12a5f/go.mod h1:cuUVRXasLTGF7a8hSLbxyZXjz+1KgoB3wDUb6vlszIc=
github.com/lafikl/consistent v0.0.0-20210222184039-5e8acd7e59f2 h1:+FyV24r0YGMdUUapZgmlTU5RNUSxyg6Zgl9hGjbM8zM=
github.com/lafikl/consistent v0.0.0-20210222184039-5e8acd7e59f2/go.mod h1:JmowInJuqa6EpSut8NSMAZtlvK9uL+8Q1P7tyew5rQY=
github.com/minio/blake2b-simd v0.0.0-20160723061019-3f5f724cb5b1 h1:lYpkrQH5ajf0OXOcUbGjvZxxijuBwbbmlSxLiuofa+g=
github.com/minio/blake2b-simd v0.0.0-20160723061019-3f5f724cb5b1/go.mod h1:pD8RvIylQ358TN4wwqatJ8rNavkEINozVn9DtGI3dfQ=
github.com/spaolacci/murmur3 v0.0.0-20180118202830-f09979ecbc72/go.mod h1:JwIasOWyU6f++ZhiEuf87xNszmSA2myDM2Kzu9HwQUA=
